
Microsoft Visual Studio Solution File, Format Version 12.00
# Visual Studio Version 16
VisualStudioVersion = 16.0.30330.147
MinimumVisualStudioVersion = 10.0.40219.1
Project("{9A19103F-16F7-4668-BE54-9A1E7A4F7556}") = "API", "API\API.csproj", "{1EDF721B-3C48-4425-AD17-F0C50F84BF08}"
EndProject
Project("{9A19103F-16F7-4668-BE54-9A1E7A4F7556}") = "Business", "Business\Business.csproj", "{476D65AE-E11A-4401-B991-2604897A53A6}"
EndProject
Global
	GlobalSection(SolutionConfigurationPlatforms) = preSolution
		Debug|Any CPU = Debug|Any CPU
		Release|Any CPU = Release|Any CPU
	EndGlobalSection
	GlobalSection(ProjectConfigurationPlatforms) = postSolution
		{1EDF721B-3C48-4425-AD17-F0C50F84BF08}.Debug|Any CPU.ActiveCfg = Debug|Any CPU
		{1EDF721B-3C48-4425-AD17-F0C50F84BF08}.Debug|Any CPU.Build.0 = Debug|Any CPU
		{1EDF721B-3C48-4425-AD17-F0C50F84BF08}.Release|Any CPU.ActiveCfg = Release|Any CPU
		{1EDF721B-3C48-4425-AD17-F0C50F84BF08}.Release|Any CPU.Build.0 = Release|Any CPU
		{476D65AE-E11A-4401-B991-2604897A53A6}.Debug|Any CPU.ActiveCfg = Debug|Any CPU
		{476D65AE-E11A-4401-B991-2604897A53A6}.Debug|Any CPU.Build.0 = Debug|Any CPU
		{476D65AE-E11A-4401-B991-2604897A53A6}.Release|Any CPU.ActiveCfg = Release|Any CPU
		{476D65AE-E11A-4401-B991-2604897A53A6}.Release|Any CPU.Build.0 = Release|Any CPU
	EndGlobalSection
	GlobalSection(SolutionProperties) = preSolution
		HideSolutionNode = FALSE
	EndGlobalSection
	GlobalSection(ExtensibilityGlobals) = postSolution
		SolutionGuid = {59C68827-5192-455C-9168-0DC94997355C}
	EndGlobalSection
EndGlobal
